
Microsoft Visual Studio Solution File, Format Version 12.00
# Visual Studio Version 17
VisualStudioVersion = 17.10.34928.147
MinimumVisualStudioVersion = 10.0.40219.1
Project("{FAE04EC0-301F-11D3-BF4B-00C04F79EFBC}") = "Projeto", "Projeto\Projeto.csproj", "{6B5E6648-4CE3-4F93-A933-24238786A271}"
EndProject
Global
	GlobalSection(SolutionConfigurationPlatforms) = preSolution
		Debug|Any CPU = Debug|Any CPU
		Release|Any CPU = Release|Any CPU
	EndGlobalSection
	GlobalSection(ProjectConfigurationPlatforms) = postSolution
		{6B5E6648-4CE3-4F93-A933-24238786A271}.Debug|Any CPU.ActiveCfg = Debug|Any CPU
		{6B5E6648-4CE3-4F93-A933-24238786A271}.Debug|Any CPU.Build.0 = Debug|Any CPU
		{6B5E6648-4CE3-4F93-A933-24238786A271}.Release|Any CPU.ActiveCfg = Release|Any CPU
		{6B5E6648-4CE3-4F93-A933-24238786A271}.Release|Any CPU.Build.0 = Release|Any CPU
	EndGlobalSection
	GlobalSection(SolutionProperties) = preSolution
		HideSolutionNode = FALSE
	EndGlobalSection
	GlobalSection(ExtensibilityGlobals) = postSolution
		SolutionGuid = {21DB0EF8-0B88-4BAA-BCE1-8AFA87363D4B}
	EndGlobalSection
EndGlobal
